
Microsoft Visual Studio Solution File, Format Version 12.00
# Visual Studio Version 16
VisualStudioVersion = 16.0.29306.81
MinimumVisualStudioVersion = 10.0.40219.1
Project("{FAE04EC0-301F-11D3-BF4B-00C04F79EFBC}") = "AuthAPI", "AuthAPI.csproj", "{D1E75766-1504-43CF-A586-A51953A56130}"
EndProject
Global
	GlobalSection(SolutionConfigurationPlatforms) = preSolution
		Debug|Any CPU = Debug|Any CPU
		Release|Any CPU = Release|Any CPU
	EndGlobalSection
	GlobalSection(ProjectConfigurationPlatforms) = postSolution
		{D1E75766-1504-43CF-A586-A51953A56130}.Debug|Any CPU.ActiveCfg = Debug|Any CPU
		{D1E75766-1504-43CF-A586-A51953A56130}.Debug|Any CPU.Build.0 = Debug|Any CPU
		{D1E75766-1504-43CF-A586-A51953A56130}.Release|Any CPU.ActiveCfg = Release|Any CPU
		{D1E75766-1504-43CF-A586-A51953A56130}.Release|Any CPU.Build.0 = Release|Any CPU
	EndGlobalSection
	GlobalSection(SolutionProperties) = preSolution
		HideSolutionNode = FALSE
	EndGlobalSection
	GlobalSection(ExtensibilityGlobals) = postSolution
		SolutionGuid = {30011F91-5C61-4699-8F34-5AC4589246E3}
	EndGlobalSection
EndGlobal
